
Microsoft Visual Studio Solution File, Format Version 12.00
# Visual Studio Version 16
VisualStudioVersion = 16.0.29102.190
MinimumVisualStudioVersion = 10.0.40219.1
Project("{FAE04EC0-301F-11D3-BF4B-00C04F79EFBC}") = "DiscoSnake", "DiscoSnake\DiscoSnake.csproj", "{C7606AED-02A0-44E3-931E-ACA3E4B15E6E}"
EndProject
Global
	GlobalSection(SolutionConfigurationPlatforms) = preSolution
		Debug|Any CPU = Debug|Any CPU
		Release|Any CPU = Release|Any CPU
	EndGlobalSection
	GlobalSection(ProjectConfigurationPlatforms) = postSolution
		{C7606AED-02A0-44E3-931E-ACA3E4B15E6E}.Debug|Any CPU.ActiveCfg = Debug|Any CPU
		{C7606AED-02A0-44E3-931E-ACA3E4B15E6E}.Debug|Any CPU.Build.0 = Debug|Any CPU
		{C7606AED-02A0-44E3-931E-ACA3E4B15E6E}.Release|Any CPU.ActiveCfg = Release|Any CPU
		{C7606AED-02A0-44E3-931E-ACA3E4B15E6E}.Release|Any CPU.Build.0 = Release|Any CPU
	EndGlobalSection
	GlobalSection(SolutionProperties) = preSolution
		HideSolutionNode = FALSE
	EndGlobalSection
	GlobalSection(ExtensibilityGlobals) = postSolution
		SolutionGuid = {F3C7041B-8BA4-4BEF-88E1-5DF45B6A7D2C}
	EndGlobalSection
EndGlobal
